
Microsoft Visual Studio Solution File, Format Version 12.00
# Visual Studio Version 16
VisualStudioVersion = 16.0.29911.84
MinimumVisualStudioVersion = 10.0.40219.1
Project("{9A19103F-16F7-4668-BE54-9A1E7A4F7556}") = "DBMngr", "DBMngr\DBMngr.csproj", "{9BA588BA-E1AB-471A-933B-CC1184FBFF05}"
EndProject
Project("{FAE04EC0-301F-11D3-BF4B-00C04F79EFBC}") = "VM", "VM\VM.csproj", "{99BB4498-ADF6-4443-B880-1A21DA1C127B}"
EndProject
Global
	GlobalSection(SolutionConfigurationPlatforms) = preSolution
		Debug|Any CPU = Debug|Any CPU
		Release|Any CPU = Release|Any CPU
	EndGlobalSection
	GlobalSection(ProjectConfigurationPlatforms) = postSolution
		{9BA588BA-E1AB-471A-933B-CC1184FBFF05}.Debug|Any CPU.ActiveCfg = Debug|Any CPU
		{9BA588BA-E1AB-471A-933B-CC1184FBFF05}.Debug|Any CPU.Build.0 = Debug|Any CPU
		{9BA588BA-E1AB-471A-933B-CC1184FBFF05}.Release|Any CPU.ActiveCfg = Release|Any CPU
		{9BA588BA-E1AB-471A-933B-CC1184FBFF05}.Release|Any CPU.Build.0 = Release|Any CPU
		{99BB4498-ADF6-4443-B880-1A21DA1C127B}.Debug|Any CPU.ActiveCfg = Debug|Any CPU
		{99BB4498-ADF6-4443-B880-1A21DA1C127B}.Debug|Any CPU.Build.0 = Debug|Any CPU
		{99BB4498-ADF6-4443-B880-1A21DA1C127B}.Release|Any CPU.ActiveCfg = Release|Any CPU
		{99BB4498-ADF6-4443-B880-1A21DA1C127B}.Release|Any CPU.Build.0 = Release|Any CPU
	EndGlobalSection
	GlobalSection(SolutionProperties) = preSolution
		HideSolutionNode = FALSE
	EndGlobalSection
	GlobalSection(ExtensibilityGlobals) = postSolution
		SolutionGuid = {0210BF0F-9FC6-44F8-83BF-EB34580E9340}
	EndGlobalSection
EndGlobal
